
Microsoft Visual Studio Solution File, Format Version 12.00
# Visual Studio Version 17
VisualStudioVersion = 17.0.31903.59
MinimumVisualStudioVersion = 10.0.40219.1
Project("{9A19103F-16F7-4668-BE54-9A1E7A4F7556}") = "comics", "comics\comics.csproj", "{A458DBB7-8CD4-4DD3-879F-57D4C298D82E}"
EndProject
Project("{FAE04EC0-301F-11D3-BF4B-00C04F79EFBC}") = "Comics.Tests", "Comics.Test\Comics.Tests.csproj", "{FAFCE238-9963-4CFB-9FC9-A29AC30001D5}"
EndProject
Global
	GlobalSection(SolutionConfigurationPlatforms) = preSolution
		Debug|Any CPU = Debug|Any CPU
		Release|Any CPU = Release|Any CPU
	EndGlobalSection
	GlobalSection(ProjectConfigurationPlatforms) = postSolution
		{A458DBB7-8CD4-4DD3-879F-57D4C298D82E}.Debug|Any CPU.ActiveCfg = Debug|Any CPU
		{A458DBB7-8CD4-4DD3-879F-57D4C298D82E}.Debug|Any CPU.Build.0 = Debug|Any CPU
		{A458DBB7-8CD4-4DD3-879F-57D4C298D82E}.Release|Any CPU.ActiveCfg = Release|Any CPU
		{A458DBB7-8CD4-4DD3-879F-57D4C298D82E}.Release|Any CPU.Build.0 = Release|Any CPU
		{FAFCE238-9963-4CFB-9FC9-A29AC30001D5}.Debug|Any CPU.ActiveCfg = Debug|Any CPU
		{FAFCE238-9963-4CFB-9FC9-A29AC30001D5}.Debug|Any CPU.Build.0 = Debug|Any CPU
		{FAFCE238-9963-4CFB-9FC9-A29AC30001D5}.Release|Any CPU.ActiveCfg = Release|Any CPU
		{FAFCE238-9963-4CFB-9FC9-A29AC30001D5}.Release|Any CPU.Build.0 = Release|Any CPU
	EndGlobalSection
	GlobalSection(SolutionProperties) = preSolution
		HideSolutionNode = FALSE
	EndGlobalSection
	GlobalSection(ExtensibilityGlobals) = postSolution
		SolutionGuid = {17A85C91-1217-44CB-B34B-AA27AF6F6B93}
	EndGlobalSection
EndGlobal
